// !$*UTF8*$!
{
	archiveVersion = 1;
	classes = {
	};
	objectVersion = 50;
	objects = {

/* Begin PBXBuildFile section */
		8F33880B222D475000EA5898 /* AppDelegate.swift in Sources */ = {isa = PBXBuildFile; fileRef = 8F33880A222D475000EA5898 /* AppDelegate.swift */; };
		8F33880D222D475000EA5898 /* ViewController.swift in Sources */ = {isa = PBXBuildFile; fileRef = 8F33880C222D475000EA5898 /* ViewController.swift */; };
		8F338810222D475000EA5898 /* Main.storyboard in Resources */ = {isa = PBXBuildFile; fileRef = 8F33880E222D475000EA5898 /* Main.storyboard */; };
		8F338812222D475100EA5898 /* Assets.xcassets in Resources */ = {isa = PBXBuildFile; fileRef = 8F338811222D475100EA5898 /* Assets.xcassets */; };
		8F338815222D475100EA5898 /* LaunchScreen.storyboard in Resources */ = {isa = PBXBuildFile; fileRef = 8F338813222D475100EA5898 /* LaunchScreen.storyboard */; };
		8F338820222D475100EA5898 /* SentiTests.swift in Sources */ = {isa = PBXBuildFile; fileRef = 8F33881F222D475100EA5898 /* SentiTests.swift */; };
/* End PBXBuildFile section */

/* Begin PBXContainerItemProxy section */
		8F33881C222D475100EA5898 /* PBXContainerItemProxy */ = {
			isa = PBXContainerItemProxy;
			containerPortal = 8F3387FF222D475000EA5898 /* Project object */;
			proxyType = 1;
			remoteGlobalIDString = 8F338806222D475000EA5898;
			remoteInfo = Senti;
		};
/* End PBXContainerItemProxy section */

/* Begin PBXFileReference section */
		8F338807222D475000EA5898 /* Senti.app */ = {isa = PBXFileReference; explicitFileType = wrapper.application; includeInIndex = 0; path = Senti.app; sourceTree = BUILT_PRODUCTS_DIR; };
		8F33880A222D475000EA5898 /* AppDelegate.swift */ = {isa = PBXFileReference; lastKnownFileType = sourcecode.swift; path = AppDelegate.swift; sourceTree = "<group>"; };
		8F33880C222D475000EA5898 /* ViewController.swift */ = {isa = PBXFileReference; lastKnownFileType = sourcecode.swift; path = ViewController.swift; sourceTree = "<group>"; };
		8F33880F222D475000EA5898 /* Base */ = {isa = PBXFileReference; lastKnownFileType = file.storyboard; name = Base; path = Base.lproj/Main.storyboard; sourceTree = "<group>"; };
		8F338811222D475100EA5898 /* Assets.xcassets */ = {isa = PBXFileReference; lastKnownFileType = folder.assetcatalog; path = Assets.xcassets; sourceTree = "<group>"; };
		8F338814222D475100EA5898 /* Base */ = {isa = PBXFileReference; lastKnownFileType = file.storyboard; name = Base; path = Base.lproj/LaunchScreen.storyboard; sourceTree = "<group>"; };
		8F338816222D475100EA5898 /* Info.plist */ = {isa = PBXFileReference; lastKnownFileType = text.plist.xml; path = Info.plist; sourceTree = "<group>"; };
		8F33881B222D475100EA5898 /* SentiTests.xctest */ = {isa = PBXFileReference; explicitFileType = wrapper.cfbundle; includeInIndex = 0; path = SentiTests.xctest; sourceTree = BUILT_PRODUCTS_DIR; };
		8F33881F222D475100EA5898 /* SentiTests.swift */ = {isa = PBXFileReference; lastKnownFileType = sourcecode.swift; path = SentiTests.swift; sourceTree = "<group>"; };
		8F338821222D475200EA5898 /* Info.plist */ = {isa = PBXFileReference; lastKnownFileType = text.plist.xml; path = Info.plist; sourceTree = "<group>"; };
/* End PBXFileReference section */

/* Begin PBXFrameworksBuildPhase section */
		8F338804222D475000EA5898 /* Frameworks */ = {
			isa = PBXFrameworksBuildPhase;
			buildActionMask = 2147483647;
			files = (
			);
			runOnlyForDeploymentPostprocessing = 0;
		};
		8F338818222D475100EA5898 /* Frameworks */ = {
			isa = PBXFrameworksBuildPhase;
			buildActionMask = 2147483647;
			files = (
			);
			runOnlyForDeploymentPostprocessing = 0;
		};
/* End PBXFrameworksBuildPhase section */

/* Begin PBXGroup section */
		8F3387FE222D475000EA5898 = {
			isa = PBXGroup;
			children = (
				8F338809222D475000EA5898 /* Senti */,
				8F33881E222D475100EA5898 /* SentiTests */,
				8F338808222D475000EA5898 /* Products */,
			);
			sourceTree = "<group>";
		};
		8F338808222D475000EA5898 /* Products */ = {
			isa = PBXGroup;
			children = (
				8F338807222D475000EA5898 /* Senti.app */,
				8F33881B222D475100EA5898 /* SentiTests.xctest */,
			);
			name = Products;
			sourceTree = "<group>";
		};
		8F338809222D475000EA5898 /* Senti */ = {
			isa = PBXGroup;
			children = (
				8F33880A222D475000EA5898 /* AppDelegate.swift */,
				8F33880C222D475000EA5898 /* ViewController.swift */,
				8F33880E222D475000EA5898 /* Main.storyboard */,
				8F338811222D475100EA5898 /* Assets.xcassets */,
				8F338813222D475100EA5898 /* LaunchScreen.storyboard */,
				8F338816222D475100EA5898 /* Info.plist */,
			);
			path = Senti;
			sourceTree = "<group>";
		};
		8F33881E222D475100EA5898 /* SentiTests */ = {
			isa = PBXGroup;
			children = (
				8F33881F222D475100EA5898 /* SentiTests.swift */,
				8F338821222D475200EA5898 /* Info.plist */,
			);
			path = SentiTests;
			sourceTree = "<group>";
		};
/* End PBXGroup section */

/* Begin PBXNativeTarget section */
		8F338806222D475000EA5898 /* Senti */ = {
			isa = PBXNativeTarget;
			buildConfigurationList = 8F338824222D475200EA5898 /* Build configuration list for PBXNativeTarget "Senti" */;
			buildPhases = (
				8F338803222D475000EA5898 /* Sources */,
				8F338804222D475000EA5898 /* Frameworks */,
				8F338805222D475000EA5898 /* Resources */,
			);
			buildRules = (
			);
			dependencies = (
			);
			name = Senti;
			productName = Senti;
			productReference = 8F338807222D475000EA5898 /* Senti.app */;
			productType = "com.apple.product-type.application";
		};
		8F33881A222D475100EA5898 /* SentiTests */ = {
			isa = PBXNativeTarget;
			buildConfigurationList = 8F338827222D475200EA5898 /* Build configuration list for PBXNativeTarget "SentiTests" */;
			buildPhases = (
				8F338817222D475100EA5898 /* Sources */,
				8F338818222D475100EA5898 /* Frameworks */,
				8F338819222D475100EA5898 /* Resources */,
			);
			buildRules = (
			);
			dependencies = (
				8F33881D222D475100EA5898 /* PBXTargetDependency */,
			);
			name = SentiTests;
			productName = SentiTests;
			productReference = 8F33881B222D475100EA5898 /* SentiTests.xctest */;
			productType = "com.apple.product-type.bundle.unit-test";
		};
/* End PBXNativeTarget section */

/* Begin PBXProject section */
		8F3387FF222D475000EA5898 /* Project object */ = {
			isa = PBXProject;
			attributes = {
				LastSwiftUpdateCheck = 1010;
				LastUpgradeCheck = 1010;
				ORGANIZATIONNAME = "Leonardo Bilia";
				TargetAttributes = {
					8F338806222D475000EA5898 = {
						CreatedOnToolsVersion = 10.1;
					};
					8F33881A222D475100EA5898 = {
						CreatedOnToolsVersion = 10.1;
						TestTargetID = 8F338806222D475000EA5898;
					};
				};
			};
			buildConfigurationList = 8F338802222D475000EA5898 /* Build configuration list for PBXProject "Senti" */;
			compatibilityVersion = "Xcode 9.3";
			developmentRegion = en;
			hasScannedForEncodings = 0;
			knownRegions = (
				en,
				Base,
			);
			mainGroup = 8F3387FE222D475000EA5898;
			productRefGroup = 8F338808222D475000EA5898 /* Products */;
			projectDirPath = "";
			projectRoot = "";
			targets = (
				8F338806222D475000EA5898 /* Senti */,
				8F33881A222D475100EA5898 /* SentiTests */,
			);
		};
/* End PBXProject section */

/* Begin PBXResourcesBuildPhase section */
		8F338805222D475000EA5898 /* Resources */ = {
			isa = PBXResourcesBuildPhase;
			buildActionMask = 2147483647;
			files = (
				8F338815222D475100EA5898 /* LaunchScreen.storyboard in Resources */,
				8F338812222D475100EA5898 /* Assets.xcassets in Resources */,
				8F338810222D475000EA5898 /* Main.storyboard in Resources */,
			);
			runOnlyForDeploymentPostprocessing = 0;
		};
		8F338819222D475100EA5898 /* Resources */ = {
			isa = PBXResourcesBuildPhase;
			buildActionMask = 2147483647;
			files = (
			);
			runOnlyForDeploymentPostprocessing = 0;
		};
/* End PBXResourcesBuildPhase section */

/* Begin PBXSourcesBuildPhase section */
		8F338803222D475000EA5898 /* Sources */ = {
			isa = PBXSourcesBuildPhase;
			buildActionMask = 2147483647;
			files = (
				8F33880D222D475000EA5898 /* ViewController.swift in Sources */,
				8F33880B222D475000EA5898 /* AppDelegate.swift in Sources */,
			);
			runOnlyForDeploymentPostprocessing = 0;
		};
		8F338817222D475100EA5898 /* Sources */ = {
			isa = PBXSourcesBuildPhase;
			buildActionMask = 2147483647;
			files = (
				8F338820222D475100EA5898 /* SentiTests.swift in Sources */,
			);
			runOnlyForDeploymentPostprocessing = 0;
		};
/* End PBXSourcesBuildPhase section */

/* Begin PBXTargetDependency section */
		8F33881D222D475100EA5898 /* PBXTargetDependency */ = {
			isa = PBXTargetDependency;
			target = 8F338806222D475000EA5898 /* Senti */;
			targetProxy = 8F33881C222D475100EA5898 /* PBXContainerItemProxy */;
		};
/* End PBXTargetDependency section */

/* Begin PBXVariantGroup section */
		8F33880E222D475000EA5898 /* Main.storyboard */ = {
			isa = PBXVariantGroup;
			children = (
				8F33880F222D475000EA5898 /* Base */,
			);
			name = Main.storyboard;
			sourceTree = "<group>";
		};
		8F338813222D475100EA5898 /* LaunchScreen.storyboard */ = {
			isa = PBXVariantGroup;
			children = (
				8F338814222D475100EA5898 /* Base */,
			);
			name = LaunchScreen.storyboard;
			sourceTree = "<group>";
		};
/* End PBXVariantGroup section */

/* Begin XCBuildConfiguration section */
		8F338822222D475200EA5898 /* Debug */ = {
			isa = XCBuildConfiguration;
			buildSettings = {
				ALWAYS_SEARCH_USER_PATHS = NO;
				CLANG_ANALYZER_NONNULL = YES;
				CLANG_ANALYZER_NUMBER_OBJECT_CONVERSION = YES_AGGRESSIVE;
				CLANG_CXX_LANGUAGE_STANDARD = "gnu++14";
				CLANG_CXX_LIBRARY = "libc++";
				CLANG_ENABLE_MODULES = YES;
				CLANG_ENABLE_OBJC_ARC = YES;
				CLANG_ENABLE_OBJC_WEAK = YES;
				CLANG_WARN_BLOCK_CAPTURE_AUTORELEASING = YES;
				CLANG_WARN_BOOL_CONVERSION = YES;
				CLANG_WARN_COMMA = YES;
				CLANG_WARN_CONSTANT_CONVERSION = YES;
				CLANG_WARN_DEPRECATED_OBJC_IMPLEMENTATIONS = YES;
				CLANG_WARN_DIRECT_OBJC_ISA_USAGE = YES_ERROR;
				CLANG_WARN_DOCUMENTATION_COMMENTS = YES;
				CLANG_WARN_EMPTY_BODY = YES;
				CLANG_WARN_ENUM_CONVERSION = YES;
				CLANG_WARN_INFINITE_RECURSION = YES;
				CLANG_WARN_INT_CONVERSION = YES;
				CLANG_WARN_NON_LITERAL_NULL_CONVERSION = YES;
				CLANG_WARN_OBJC_IMPLICIT_RETAIN_SELF = YES;
				CLANG_WARN_OBJC_LITERAL_CONVERSION = YES;
				CLANG_WARN_OBJC_ROOT_CLASS = YES_ERROR;
				CLANG_WARN_RANGE_LOOP_ANALYSIS = YES;
				CLANG_WARN_STRICT_PROTOTYPES = YES;
				CLANG_WARN_SUSPICIOUS_MOVE = YES;
				CLANG_WARN_UNGUARDED_AVAILABILITY = YES_AGGRESSIVE;
				CLANG_WARN_UNREACHABLE_CODE = YES;
				CLANG_WARN__DUPLICATE_METHOD_MATCH = YES;
				CODE_SIGN_IDENTITY = "iPhone Developer";
				COPY_PHASE_STRIP = NO;
				DEBUG_INFORMATION_FORMAT = dwarf;
				ENABLE_STRICT_OBJC_MSGSEND = YES;
				ENABLE_TESTABILITY = YES;
				GCC_C_LANGUAGE_STANDARD = gnu11;
				GCC_DYNAMIC_NO_PIC = NO;
				GCC_NO_COMMON_BLOCKS = YES;
				GCC_OPTIMIZATION_LEVEL = 0;
				GCC_PREPROCESSOR_DEFINITIONS = (
					"DEBUG=1",
					"$(inherited)",
				);
				GCC_WARN_64_TO_32_BIT_CONVERSION = YES;
				GCC_WARN_ABOUT_RETURN_TYPE = YES_ERROR;
				GCC_WARN_UNDECLARED_SELECTOR = YES;
				GCC_WARN_UNINITIALIZED_AUTOS = YES_AGGRESSIVE;
				GCC_WARN_UNUSED_FUNCTION = YES;
				GCC_WARN_UNUSED_VARIABLE = YES;
				IPHONEOS_DEPLOYMENT_TARGET = 12.1;
				MTL_ENABLE_DEBUG_INFO = INCLUDE_SOURCE;
				MTL_FAST_MATH = YES;
				ONLY_ACTIVE_ARCH = YES;
				SDKROOT = iphoneos;
				SWIFT_ACTIVE_COMPILATION_CONDITIONS = DEBUG;
				SWIFT_OPTIMIZATION_LEVEL = "-Onone";
			};
			name = Debug;
		};
		8F338823222D475200EA5898 /* Release */ = {
			isa = XCBuildConfiguration;
			buildSettings = {
				ALWAYS_SEARCH_USER_PATHS = NO;
				CLANG_ANALYZER_NONNULL = YES;
				CLANG_ANALYZER_NUMBER_OBJECT_CONVERSION = YES_AGGRESSIVE;
				CLANG_CXX_LANGUAGE_STANDARD = "gnu++14";
				CLANG_CXX_LIBRARY = "libc++";
				CLANG_ENABLE_MODULES = YES;
				CLANG_ENABLE_OBJC_ARC = YES;
				CLANG_ENABLE_OBJC_WEAK = YES;
				CLANG_WARN_BLOCK_CAPTURE_AUTORELEASING = YES;
				CLANG_WARN_BOOL_CONVERSION = YES;
				CLANG_WARN_COMMA = YES;
				CLANG_WARN_CONSTANT_CONVERSION = YES;
				CLANG_WARN_DEPRECATED_OBJC_IMPLEMENTATIONS = YES;
				CLANG_WARN_DIRECT_OBJC_ISA_USAGE = YES_ERROR;
				CLANG_WARN_DOCUMENTATION_COMMENTS = YES;
				CLANG_WARN_EMPTY_BODY = YES;
				CLANG_WARN_ENUM_CONVERSION = YES;
				CLANG_WARN_INFINITE_RECURSION = YES;
				CLANG_WARN_INT_CONVERSION = YES;
				CLANG_WARN_NON_LITERAL_NULL_CONVERSION = YES;
				CLANG_WARN_OBJC_IMPLICIT_RETAIN_SELF = YES;
				CLANG_WARN_OBJC_LITERAL_CONVERSION = YES;
				CLANG_WARN_OBJC_ROOT_CLASS = YES_ERROR;
				CLANG_WARN_RANGE_LOOP_ANALYSIS = YES;
				CLANG_WARN_STRICT_PROTOTYPES = YES;
				CLANG_WARN_SUSPICIOUS_MOVE = YES;
				CLANG_WARN_UNGUARDED_AVAILABILITY = YES_AGGRESSIVE;
				CLANG_WARN_UNREACHABLE_CODE = YES;
				CLANG_WARN__DUPLICATE_METHOD_MATCH = YES;
				CODE_SIGN_IDENTITY = "iPhone Developer";
				COPY_PHASE_STRIP = NO;
				DEBUG_INFORMATION_FORMAT = "dwarf-with-dsym";
				ENABLE_NS_ASSERTIONS = NO;
				ENABLE_STRICT_OBJC_MSGSEND = YES;
				GCC_C_LANGUAGE_STANDARD = gnu11;
				GCC_NO_COMMON_BLOCKS = YES;
				GCC_WARN_64_TO_32_BIT_CONVERSION = YES;
				GCC_WARN_ABOUT_RETURN_TYPE = YES_ERROR;
				GCC_WARN_UNDECLARED_SELECTOR = YES;
				GCC_WARN_UNINITIALIZED_AUTOS = YES_AGGRESSIVE;
				GCC_WARN_UNUSED_FUNCTION = YES;
				GCC_WARN_UNUSED_VARIABLE = YES;
				IPHONEOS_DEPLOYMENT_TARGET = 12.1;
				MTL_ENABLE_DEBUG_INFO = NO;
				MTL_FAST_MATH = YES;
				SDKROOT = iphoneos;
				SWIFT_COMPILATION_MODE = wholemodule;
				SWIFT_OPTIMIZATION_LEVEL = "-O";
				VALIDATE_PRODUCT = YES;
			};
			name = Release;
		};
		8F338825222D475200EA5898 /* Debug */ = {
			isa = XCBuildConfiguration;
			buildSettings = {
				ASSETCATALOG_COMPILER_APPICON_NAME = AppIcon;
				CODE_SIGN_STYLE = Automatic;
				DEVELOPMENT_TEAM = C8CWPZXDG8;
				INFOPLIST_FILE = Senti/Info.plist;
				LD_RUNPATH_SEARCH_PATHS = (
					"$(inherited)",
					"@executable_path/Frameworks",
				);
				PRODUCT_BUNDLE_IDENTIFIER = co.touchblue.Senti;
				PRODUCT_NAME = "$(TARGET_NAME)";
				SWIFT_VERSION = 4.2;
				TARGETED_DEVICE_FAMILY = "1,2";
			};
			name = Debug;
		};
		8F338826222D475200EA5898 /* Release */ = {
			isa = XCBuildConfiguration;
			buildSettings = {
				ASSETCATALOG_COMPILER_APPICON_NAME = AppIcon;
				CODE_SIGN_STYLE = Automatic;
				DEVELOPMENT_TEAM = C8CWPZXDG8;
				INFOPLIST_FILE = Senti/Info.plist;
				LD_RUNPATH_SEARCH_PATHS = (
					"$(inherited)",
					"@executable_path/Frameworks",
				);
				PRODUCT_BUNDLE_IDENTIFIER = co.touchblue.Senti;
				PRODUCT_NAME = "$(TARGET_NAME)";
				SWIFT_VERSION = 4.2;
				TARGETED_DEVICE_FAMILY = "1,2";
			};
			name = Release;
		};
		8F338828222D475200EA5898 /* Debug */ = {
			isa = XCBuildConfiguration;
			buildSettings = {
				ALWAYS_EMBED_SWIFT_STANDARD_LIBRARIES = YES;
				BUNDLE_LOADER = "$(TEST_HOST)";
				CODE_SIGN_STYLE = Automatic;
				DEVELOPMENT_TEAM = C8CWPZXDG8;
				INFOPLIST_FILE = SentiTests/Info.plist;
				LD_RUNPATH_SEARCH_PATHS = (
					"$(inherited)",
					"@executable_path/Frameworks",
					"@loader_path/Frameworks",
				);
				PRODUCT_BUNDLE_IDENTIFIER = co.touchblue.SentiTests;
				PRODUCT_NAME = "$(TARGET_NAME)";
				SWIFT_VERSION = 4.2;
				TARGETED_DEVICE_FAMILY = "1,2";
				TEST_HOST = "$(BUILT_PRODUCTS_DIR)/Senti.app/Senti";
			};
			name = Debug;
		};
		8F338829222D475200EA5898 /* Release */ = {
			isa = XCBuildConfiguration;
			buildSettings = {
				ALWAYS_EMBED_SWIFT_STANDARD_LIBRARIES = YES;
				BUNDLE_LOADER = "$(TEST_HOST)";
				CODE_SIGN_STYLE = Automatic;
				DEVELOPMENT_TEAM = C8CWPZXDG8;
				INFOPLIST_FILE = SentiTests/Info.plist;
				LD_RUNPATH_SEARCH_PATHS = (
					"$(inherited)",
					"@executable_path/Frameworks",
					"@loader_path/Frameworks",
				);
				PRODUCT_BUNDLE_IDENTIFIER = co.touchblue.SentiTests;
				PRODUCT_NAME = "$(TARGET_NAME)";
				SWIFT_VERSION = 4.2;
				TARGETED_DEVICE_FAMILY = "1,2";
				TEST_HOST = "$(BUILT_PRODUCTS_DIR)/Senti.app/Senti";
			};
			name = Release;
		};
/* End XCBuildConfiguration section */

/* Begin XCConfigurationList section */
		8F338802222D475000EA5898 /* Build configuration list for PBXProject "Senti" */ = {
			isa = XCConfigurationList;
			buildConfigurations = (
				8F338822222D475200EA5898 /* Debug */,
				8F338823222D475200EA5898 /* Release */,
			);
			defaultConfigurationIsVisible = 0;
			defaultConfigurationName = Release;
		};
		8F338824222D475200EA5898 /* Build configuration list for PBXNativeTarget "Senti" */ = {
			isa = XCConfigurationList;
			buildConfigurations = (
				8F338825222D475200EA5898 /* Debug */,
				8F338826222D475200EA5898 /* Release */,
			);
			defaultConfigurationIsVisible = 0;
			defaultConfigurationName = Release;
		};
		8F338827222D475200EA5898 /* Build configuration list for PBXNativeTarget "SentiTests" */ = {
			isa = XCConfigurationList;
			buildConfigurations = (
				8F338828222D475200EA5898 /* Debug */,
				8F338829222D475200EA5898 /* Release */,
			);
			defaultConfigurationIsVisible = 0;
			defaultConfigurationName = Release;
		};
/* End XCConfigurationList section */
	};
	rootObject = 8F3387FF222D475000EA5898 /* Project object */;
}
